
Microsoft Visual Studio Solution File, Format Version 12.00
# Visual Studio 15
VisualStudioVersion = 15.0.27004.2009
MinimumVisualStudioVersion = 10.0.40219.1
Project("{FAE04EC0-301F-11D3-BF4B-00C04F79EFBC}") = "ConsoleApp1", "ConsoleApp1\ConsoleApp1.csproj", "{D14C33BE-AF26-43B2-A1D3-7937EC111007}"
EndProject
Global
	GlobalSection(SolutionConfigurationPlatforms) = preSolution
		Debug|Any CPU = Debug|Any CPU
		Release|Any CPU = Release|Any CPU
	EndGlobalSection
	GlobalSection(ProjectConfigurationPlatforms) = postSolution
		{D14C33BE-AF26-43B2-A1D3-7937EC111007}.Debug|Any CPU.ActiveCfg = Debug|Any CPU
		{D14C33BE-AF26-43B2-A1D3-7937EC111007}.Debug|Any CPU.Build.0 = Debug|Any CPU
		{D14C33BE-AF26-43B2-A1D3-7937EC111007}.Release|Any CPU.ActiveCfg = Release|Any CPU
		{D14C33BE-AF26-43B2-A1D3-7937EC111007}.Release|Any CPU.Build.0 = Release|Any CPU
	EndGlobalSection
	GlobalSection(SolutionProperties) = preSolution
		HideSolutionNode = FALSE
	EndGlobalSection
	GlobalSection(ExtensibilityGlobals) = postSolution
		SolutionGuid = {37BC7E1D-1D65-4175-B89D-342EC125FC3A}
	EndGlobalSection
EndGlobal
